
Microsoft Visual Studio Solution File, Format Version 12.00
# Visual Studio 15
VisualStudioVersion = 15.0.26730.10
MinimumVisualStudioVersion = 10.0.40219.1
Project("{2150E333-8FDC-42A3-9474-1A3956D46DE8}") = "Model", "Model", "{2F13CF8F-B624-4F1F-97C6-BE458C35A76C}"
EndProject
Project("{FAE04EC0-301F-11D3-BF4B-00C04F79EFBC}") = "Como.Communication", "Model\Como.Communication\Como.Communication.csproj", "{54ADE076-7BD4-49E2-87CD-4300D8876483}"
EndProject
Project("{9A19103F-16F7-4668-BE54-9A1E7A4F7556}") = "Como.Model", "Model\Como.Model\Como.Model.csproj", "{B5957604-41BE-4004-AC88-C2CB06A5FB11}"
EndProject
Project("{2150E333-8FDC-42A3-9474-1A3956D46DE8}") = "Cluster", "Cluster", "{8DC7CFD2-AF7E-4D52-A5C2-FED486D75E5B}"
EndProject
Project("{A07B5EB6-E848-4116-A8D0-A826331D98C6}") = "Como.Cluster", "Cluster\Como.Cluster\Como.Cluster.sfproj", "{5B79741E-A1F3-480A-A31B-0D480BD293AF}"
EndProject
Project("{FAE04EC0-301F-11D3-BF4B-00C04F79EFBC}") = "Como.Cluster.EventManager", "Cluster\Como.Cluster.EventManager\Como.Cluster.EventManager.csproj", "{B78BFB63-1BA8-4F38-96FC-F1579D21E286}"
EndProject
Project("{9A19103F-16F7-4668-BE54-9A1E7A4F7556}") = "Como.Cluster.FrontEnd", "Cluster\Como.Cluster.FrontEnd\Como.Cluster.FrontEnd.csproj", "{049489FC-A914-4C98-B366-28CF420573D3}"
EndProject
Project("{2150E333-8FDC-42A3-9474-1A3956D46DE8}") = "Public", "Public", "{459A5072-E28A-49CE-8D97-FE095F1100BE}"
EndProject
Project("{A07B5EB6-E848-4116-A8D0-A826331D98C6}") = "Como.Public.Event", "Public\Como.Public.Event\Como.Public.Event.sfproj", "{B837F4B3-1032-472B-A044-3B7EB7ED67A7}"
EndProject
Project("{9A19103F-16F7-4668-BE54-9A1E7A4F7556}") = "Como.Public.Event.FrontEnd", "Public\Como.Public.Event.FrontEnd\Como.Public.Event.FrontEnd.csproj", "{4CF0A890-573C-4CB2-BD75-102567AB7D78}"
EndProject
Project("{9A19103F-16F7-4668-BE54-9A1E7A4F7556}") = "Como.SDK", "Model\Como.SDK\Como.SDK.csproj", "{60C6AA73-07C9-4C6E-9270-C36AFE41B68A}"
EndProject
Project("{2150E333-8FDC-42A3-9474-1A3956D46DE8}") = "Extra", "Extra", "{E3365E62-A4D8-4599-84EF-280DA07FAE06}"
EndProject
Project("{FAE04EC0-301F-11D3-BF4B-00C04F79EFBC}") = "Como.Extra.TestClient", "Extra\Como.Extra.TestClient\Como.Extra.TestClient.csproj", "{903EE4BF-EEA1-427F-B752-BD0C76D51369}"
EndProject
Project("{FAE04EC0-301F-11D3-BF4B-00C04F79EFBC}") = "Como.Cluster.AgendaManager", "Cluster\Como.Cluster.AgendaManager\Como.Cluster.AgendaManager.csproj", "{D787499C-BAAF-4BCC-BC19-5C86D11FA573}"
EndProject
Global
	GlobalSection(SolutionConfigurationPlatforms) = preSolution
		Debug|Any CPU = Debug|Any CPU
		Debug|x64 = Debug|x64
		Release|Any CPU = Release|Any CPU
		Release|x64 = Release|x64
	EndGlobalSection
	GlobalSection(ProjectConfigurationPlatforms) = postSolution
		{54ADE076-7BD4-49E2-87CD-4300D8876483}.Debug|Any CPU.ActiveCfg = Debug|Any CPU
		{54ADE076-7BD4-49E2-87CD-4300D8876483}.Debug|Any CPU.Build.0 = Debug|Any CPU
		{54ADE076-7BD4-49E2-87CD-4300D8876483}.Debug|x64.ActiveCfg = Debug|Any CPU
		{54ADE076-7BD4-49E2-87CD-4300D8876483}.Debug|x64.Build.0 = Debug|Any CPU
		{54ADE076-7BD4-49E2-87CD-4300D8876483}.Release|Any CPU.ActiveCfg = Release|Any CPU
		{54ADE076-7BD4-49E2-87CD-4300D8876483}.Release|Any CPU.Build.0 = Release|Any CPU
		{54ADE076-7BD4-49E2-87CD-4300D8876483}.Release|x64.ActiveCfg = Release|Any CPU
		{54ADE076-7BD4-49E2-87CD-4300D8876483}.Release|x64.Build.0 = Release|Any CPU
		{B5957604-41BE-4004-AC88-C2CB06A5FB11}.Debug|Any CPU.ActiveCfg = Debug|Any CPU
		{B5957604-41BE-4004-AC88-C2CB06A5FB11}.Debug|Any CPU.Build.0 = Debug|Any CPU
		{B5957604-41BE-4004-AC88-C2CB06A5FB11}.Debug|x64.ActiveCfg = Debug|Any CPU
		{B5957604-41BE-4004-AC88-C2CB06A5FB11}.Debug|x64.Build.0 = Debug|Any CPU
		{B5957604-41BE-4004-AC88-C2CB06A5FB11}.Release|Any CPU.ActiveCfg = Release|Any CPU
		{B5957604-41BE-4004-AC88-C2CB06A5FB11}.Release|Any CPU.Build.0 = Release|Any CPU
		{B5957604-41BE-4004-AC88-C2CB06A5FB11}.Release|x64.ActiveCfg = Release|Any CPU
		{B5957604-41BE-4004-AC88-C2CB06A5FB11}.Release|x64.Build.0 = Release|Any CPU
		{5B79741E-A1F3-480A-A31B-0D480BD293AF}.Debug|Any CPU.ActiveCfg = Debug|x64
		{5B79741E-A1F3-480A-A31B-0D480BD293AF}.Debug|Any CPU.Build.0 = Debug|x64
		{5B79741E-A1F3-480A-A31B-0D480BD293AF}.Debug|Any CPU.Deploy.0 = Debug|x64
		{5B79741E-A1F3-480A-A31B-0D480BD293AF}.Debug|x64.ActiveCfg = Debug|x64
		{5B79741E-A1F3-480A-A31B-0D480BD293AF}.Debug|x64.Build.0 = Debug|x64
		{5B79741E-A1F3-480A-A31B-0D480BD293AF}.Debug|x64.Deploy.0 = Debug|x64
		{5B79741E-A1F3-480A-A31B-0D480BD293AF}.Release|Any CPU.ActiveCfg = Release|x64
		{5B79741E-A1F3-480A-A31B-0D480BD293AF}.Release|x64.ActiveCfg = Release|x64
		{5B79741E-A1F3-480A-A31B-0D480BD293AF}.Release|x64.Build.0 = Release|x64
		{5B79741E-A1F3-480A-A31B-0D480BD293AF}.Release|x64.Deploy.0 = Release|x64
		{B78BFB63-1BA8-4F38-96FC-F1579D21E286}.Debug|Any CPU.ActiveCfg = Debug|x64
		{B78BFB63-1BA8-4F38-96FC-F1579D21E286}.Debug|Any CPU.Build.0 = Debug|x64
		{B78BFB63-1BA8-4F38-96FC-F1579D21E286}.Debug|x64.ActiveCfg = Debug|x64
		{B78BFB63-1BA8-4F38-96FC-F1579D21E286}.Debug|x64.Build.0 = Debug|x64
		{B78BFB63-1BA8-4F38-96FC-F1579D21E286}.Release|Any CPU.ActiveCfg = Release|x64
		{B78BFB63-1BA8-4F38-96FC-F1579D21E286}.Release|x64.ActiveCfg = Release|x64
		{B78BFB63-1BA8-4F38-96FC-F1579D21E286}.Release|x64.Build.0 = Release|x64
		{049489FC-A914-4C98-B366-28CF420573D3}.Debug|Any CPU.ActiveCfg = Debug|Any CPU
		{049489FC-A914-4C98-B366-28CF420573D3}.Debug|Any CPU.Build.0 = Debug|Any CPU
		{049489FC-A914-4C98-B366-28CF420573D3}.Debug|x64.ActiveCfg = Debug|Any CPU
		{049489FC-A914-4C98-B366-28CF420573D3}.Debug|x64.Build.0 = Debug|Any CPU
		{049489FC-A914-4C98-B366-28CF420573D3}.Release|Any CPU.ActiveCfg = Release|Any CPU
		{049489FC-A914-4C98-B366-28CF420573D3}.Release|Any CPU.Build.0 = Release|Any CPU
		{049489FC-A914-4C98-B366-28CF420573D3}.Release|x64.ActiveCfg = Release|Any CPU
		{049489FC-A914-4C98-B366-28CF420573D3}.Release|x64.Build.0 = Release|Any CPU
		{B837F4B3-1032-472B-A044-3B7EB7ED67A7}.Debug|Any CPU.ActiveCfg = Debug|x64
		{B837F4B3-1032-472B-A044-3B7EB7ED67A7}.Debug|Any CPU.Build.0 = Debug|x64
		{B837F4B3-1032-472B-A044-3B7EB7ED67A7}.Debug|Any CPU.Deploy.0 = Debug|x64
		{B837F4B3-1032-472B-A044-3B7EB7ED67A7}.Debug|x64.ActiveCfg = Debug|x64
		{B837F4B3-1032-472B-A044-3B7EB7ED67A7}.Debug|x64.Build.0 = Debug|x64
		{B837F4B3-1032-472B-A044-3B7EB7ED67A7}.Debug|x64.Deploy.0 = Debug|x64
		{B837F4B3-1032-472B-A044-3B7EB7ED67A7}.Release|Any CPU.ActiveCfg = Release|x64
		{B837F4B3-1032-472B-A044-3B7EB7ED67A7}.Release|x64.ActiveCfg = Release|x64
		{B837F4B3-1032-472B-A044-3B7EB7ED67A7}.Release|x64.Build.0 = Release|x64
		{B837F4B3-1032-472B-A044-3B7EB7ED67A7}.Release|x64.Deploy.0 = Release|x64
		{4CF0A890-573C-4CB2-BD75-102567AB7D78}.Debug|Any CPU.ActiveCfg = Debug|Any CPU
		{4CF0A890-573C-4CB2-BD75-102567AB7D78}.Debug|Any CPU.Build.0 = Debug|Any CPU
		{4CF0A890-573C-4CB2-BD75-102567AB7D78}.Debug|x64.ActiveCfg = Debug|Any CPU
		{4CF0A890-573C-4CB2-BD75-102567AB7D78}.Debug|x64.Build.0 = Debug|Any CPU
		{4CF0A890-573C-4CB2-BD75-102567AB7D78}.Release|Any CPU.ActiveCfg = Release|Any CPU
		{4CF0A890-573C-4CB2-BD75-102567AB7D78}.Release|Any CPU.Build.0 = Release|Any CPU
		{4CF0A890-573C-4CB2-BD75-102567AB7D78}.Release|x64.ActiveCfg = Release|Any CPU
		{4CF0A890-573C-4CB2-BD75-102567AB7D78}.Release|x64.Build.0 = Release|Any CPU
		{60C6AA73-07C9-4C6E-9270-C36AFE41B68A}.Debug|Any CPU.ActiveCfg = Debug|Any CPU
		{60C6AA73-07C9-4C6E-9270-C36AFE41B68A}.Debug|Any CPU.Build.0 = Debug|Any CPU
		{60C6AA73-07C9-4C6E-9270-C36AFE41B68A}.Debug|x64.ActiveCfg = Debug|Any CPU
		{60C6AA73-07C9-4C6E-9270-C36AFE41B68A}.Debug|x64.Build.0 = Debug|Any CPU
		{60C6AA73-07C9-4C6E-9270-C36AFE41B68A}.Release|Any CPU.ActiveCfg = Release|Any CPU
		{60C6AA73-07C9-4C6E-9270-C36AFE41B68A}.Release|Any CPU.Build.0 = Release|Any CPU
		{60C6AA73-07C9-4C6E-9270-C36AFE41B68A}.Release|x64.ActiveCfg = Release|Any CPU
		{60C6AA73-07C9-4C6E-9270-C36AFE41B68A}.Release|x64.Build.0 = Release|Any CPU
		{903EE4BF-EEA1-427F-B752-BD0C76D51369}.Debug|Any CPU.ActiveCfg = Debug|Any CPU
		{903EE4BF-EEA1-427F-B752-BD0C76D51369}.Debug|Any CPU.Build.0 = Debug|Any CPU
		{903EE4BF-EEA1-427F-B752-BD0C76D51369}.Debug|x64.ActiveCfg = Debug|Any CPU
		{903EE4BF-EEA1-427F-B752-BD0C76D51369}.Debug|x64.Build.0 = Debug|Any CPU
		{903EE4BF-EEA1-427F-B752-BD0C76D51369}.Release|Any CPU.ActiveCfg = Release|Any CPU
		{903EE4BF-EEA1-427F-B752-BD0C76D51369}.Release|Any CPU.Build.0 = Release|Any CPU
		{903EE4BF-EEA1-427F-B752-BD0C76D51369}.Release|x64.ActiveCfg = Release|Any CPU
		{903EE4BF-EEA1-427F-B752-BD0C76D51369}.Release|x64.Build.0 = Release|Any CPU
		{D787499C-BAAF-4BCC-BC19-5C86D11FA573}.Debug|Any CPU.ActiveCfg = Debug|x64
		{D787499C-BAAF-4BCC-BC19-5C86D11FA573}.Debug|Any CPU.Build.0 = Debug|x64
		{D787499C-BAAF-4BCC-BC19-5C86D11FA573}.Debug|x64.ActiveCfg = Debug|x64
		{D787499C-BAAF-4BCC-BC19-5C86D11FA573}.Debug|x64.Build.0 = Debug|x64
		{D787499C-BAAF-4BCC-BC19-5C86D11FA573}.Release|Any CPU.ActiveCfg = Release|x64
		{D787499C-BAAF-4BCC-BC19-5C86D11FA573}.Release|x64.ActiveCfg = Release|x64
		{D787499C-BAAF-4BCC-BC19-5C86D11FA573}.Release|x64.Build.0 = Release|x64
	EndGlobalSection
	GlobalSection(SolutionProperties) = preSolution
		HideSolutionNode = FALSE
	EndGlobalSection
	GlobalSection(NestedProjects) = preSolution
		{54ADE076-7BD4-49E2-87CD-4300D8876483} = {2F13CF8F-B624-4F1F-97C6-BE458C35A76C}
		{B5957604-41BE-4004-AC88-C2CB06A5FB11} = {2F13CF8F-B624-4F1F-97C6-BE458C35A76C}
		{5B79741E-A1F3-480A-A31B-0D480BD293AF} = {8DC7CFD2-AF7E-4D52-A5C2-FED486D75E5B}
		{B78BFB63-1BA8-4F38-96FC-F1579D21E286} = {8DC7CFD2-AF7E-4D52-A5C2-FED486D75E5B}
		{049489FC-A914-4C98-B366-28CF420573D3} = {8DC7CFD2-AF7E-4D52-A5C2-FED486D75E5B}
		{B837F4B3-1032-472B-A044-3B7EB7ED67A7} = {459A5072-E28A-49CE-8D97-FE095F1100BE}
		{4CF0A890-573C-4CB2-BD75-102567AB7D78} = {459A5072-E28A-49CE-8D97-FE095F1100BE}
		{60C6AA73-07C9-4C6E-9270-C36AFE41B68A} = {2F13CF8F-B624-4F1F-97C6-BE458C35A76C}
		{903EE4BF-EEA1-427F-B752-BD0C76D51369} = {E3365E62-A4D8-4599-84EF-280DA07FAE06}
		{D787499C-BAAF-4BCC-BC19-5C86D11FA573} = {8DC7CFD2-AF7E-4D52-A5C2-FED486D75E5B}
	EndGlobalSection
	GlobalSection(ExtensibilityGlobals) = postSolution
		SolutionGuid = {6903E36C-654B-4280-889C-88D44C6EB86B}
	EndGlobalSection
EndGlobal
